
Microsoft Visual Studio Solution File, Format Version 12.00
# Visual Studio 2013
VisualStudioVersion = 12.0.21005.1
MinimumVisualStudioVersion = 10.0.40219.1
Project("{8BC9CEB8-8B4A-11D0-8D11-00A0C91BC942}") = "chapter01-02-reverseStr", "converseStr\converseStr.vcxproj", "{417258B7-CA06-459E-B3D7-3EF227495519}"
EndProject
Project("{8BC9CEB8-8B4A-11D0-8D11-00A0C91BC942}") = "chapter01-05-compressString", "compressString\compressString.vcxproj", "{C4BFF542-6126-4A43-B428-5F4E38257B44}"
EndProject
Project("{8BC9CEB8-8B4A-11D0-8D11-00A0C91BC942}") = "chapter01-01-uniqueString", "uniString\uniString.vcxproj", "{36238C68-7498-4293-912A-C9CF7F49BF04}"
EndProject
Project("{8BC9CEB8-8B4A-11D0-8D11-00A0C91BC942}") = "chapter01-other-binary_search", "chapter01-other-binary_search\chapter01-other-binary_search.vcxproj", "{A245D911-4100-4319-A7AA-B17AF2AA862E}"
EndProject
Project("{8BC9CEB8-8B4A-11D0-8D11-00A0C91BC942}") = "chapter01-other-CommonElements3Array", "chapter01-other-CommonElements3Array\chapter01-other-CommonElements3Array.vcxproj", "{A0CD77D6-C4A0-4519-81B4-BE2601E49296}"
EndProject
Project("{8BC9CEB8-8B4A-11D0-8D11-00A0C91BC942}") = "chapter01-other-FindFirstRepeatedElemInArray", "FindFirstRepeatedElemInArray\FindFirstRepeatedElemInArray.vcxproj", "{AE27FECE-C110-4048-BF60-F396B5B371DC}"
EndProject
Project("{8BC9CEB8-8B4A-11D0-8D11-00A0C91BC942}") = "chapter01-other-FIndSmallest", "chapter01-other-FIndSmallest\chapter01-other-FIndSmallest.vcxproj", "{204AE2A8-A607-4706-8B3B-EBE5AB79D783}"
EndProject
Project("{8BC9CEB8-8B4A-11D0-8D11-00A0C91BC942}") = "chapter01_other__8puzzleissolvable", "chapter01_other__8puzzleissolvable\chapter01_other__8puzzleissolvable.vcxproj", "{D19AC9C2-4A55-41E4-9745-F09921993CFA}"
EndProject
Project("{8BC9CEB8-8B4A-11D0-8D11-00A0C91BC942}") = "FindSumofAllLeftLeaves", "FindSumofAllLeftLeaves\FindSumofAllLeftLeaves.vcxproj", "{1351023F-87EF-4795-8A95-C8D9B0A4921C}"
EndProject
Project("{8BC9CEB8-8B4A-11D0-8D11-00A0C91BC942}") = "Permutation", "Permutation\Permutation.vcxproj", "{A8E1FB1E-EB15-4D4D-B1E9-A24D7BC11073}"
EndProject
Project("{8BC9CEB8-8B4A-11D0-8D11-00A0C91BC942}") = "memorycopy", "memorycopy\memorycopy.vcxproj", "{DA1112D9-6A92-4FFE-BA2B-783059EA89C7}"
EndProject
Project("{8BC9CEB8-8B4A-11D0-8D11-00A0C91BC942}") = "chapter01-other-removeDuplicated", "chapter01-other-removeDuplicated\chapter01-other-removeDuplicated.vcxproj", "{D9579C70-0632-4E2D-B4DB-8B988107B178}"
EndProject
Project("{2150E333-8FDC-42A3-9474-1A3956D46DE8}") = "数组Array", "数组Array", "{846346BB-ED52-41D6-816A-DCCF320762EA}"
EndProject
Project("{8BC9CEB8-8B4A-11D0-8D11-00A0C91BC942}") = "BinarySearchRotatedArray", "BinarySearchRotatedArray\BinarySearchRotatedArray.vcxproj", "{9D56EE08-F8D4-4276-A1ED-534390AED152}"
EndProject
Global
	GlobalSection(SolutionConfigurationPlatforms) = preSolution
		Debug|Any CPU = Debug|Any CPU
		Debug|Mixed Platforms = Debug|Mixed Platforms
		Debug|Win32 = Debug|Win32
		Release|Any CPU = Release|Any CPU
		Release|Mixed Platforms = Release|Mixed Platforms
		Release|Win32 = Release|Win32
	EndGlobalSection
	GlobalSection(ProjectConfigurationPlatforms) = postSolution
		{417258B7-CA06-459E-B3D7-3EF227495519}.Debug|Any CPU.ActiveCfg = Debug|Win32
		{417258B7-CA06-459E-B3D7-3EF227495519}.Debug|Mixed Platforms.ActiveCfg = Debug|Win32
		{417258B7-CA06-459E-B3D7-3EF227495519}.Debug|Mixed Platforms.Build.0 = Debug|Win32
		{417258B7-CA06-459E-B3D7-3EF227495519}.Debug|Win32.ActiveCfg = Debug|Win32
		{417258B7-CA06-459E-B3D7-3EF227495519}.Debug|Win32.Build.0 = Debug|Win32
		{417258B7-CA06-459E-B3D7-3EF227495519}.Release|Any CPU.ActiveCfg = Release|Win32
		{417258B7-CA06-459E-B3D7-3EF227495519}.Release|Mixed Platforms.ActiveCfg = Release|Win32
		{417258B7-CA06-459E-B3D7-3EF227495519}.Release|Mixed Platforms.Build.0 = Release|Win32
		{417258B7-CA06-459E-B3D7-3EF227495519}.Release|Win32.ActiveCfg = Release|Win32
		{417258B7-CA06-459E-B3D7-3EF227495519}.Release|Win32.Build.0 = Release|Win32
		{C4BFF542-6126-4A43-B428-5F4E38257B44}.Debug|Any CPU.ActiveCfg = Debug|Win32
		{C4BFF542-6126-4A43-B428-5F4E38257B44}.Debug|Mixed Platforms.ActiveCfg = Debug|Win32
		{C4BFF542-6126-4A43-B428-5F4E38257B44}.Debug|Mixed Platforms.Build.0 = Debug|Win32
		{C4BFF542-6126-4A43-B428-5F4E38257B44}.Debug|Win32.ActiveCfg = Debug|Win32
		{C4BFF542-6126-4A43-B428-5F4E38257B44}.Debug|Win32.Build.0 = Debug|Win32
		{C4BFF542-6126-4A43-B428-5F4E38257B44}.Release|Any CPU.ActiveCfg = Release|Win32
		{C4BFF542-6126-4A43-B428-5F4E38257B44}.Release|Mixed Platforms.ActiveCfg = Release|Win32
		{C4BFF542-6126-4A43-B428-5F4E38257B44}.Release|Mixed Platforms.Build.0 = Release|Win32
		{C4BFF542-6126-4A43-B428-5F4E38257B44}.Release|Win32.ActiveCfg = Release|Win32
		{C4BFF542-6126-4A43-B428-5F4E38257B44}.Release|Win32.Build.0 = Release|Win32
		{36238C68-7498-4293-912A-C9CF7F49BF04}.Debug|Any CPU.ActiveCfg = Debug|Win32
		{36238C68-7498-4293-912A-C9CF7F49BF04}.Debug|Mixed Platforms.ActiveCfg = Debug|Win32
		{36238C68-7498-4293-912A-C9CF7F49BF04}.Debug|Mixed Platforms.Build.0 = Debug|Win32
		{36238C68-7498-4293-912A-C9CF7F49BF04}.Debug|Win32.ActiveCfg = Debug|Win32
		{36238C68-7498-4293-912A-C9CF7F49BF04}.Debug|Win32.Build.0 = Debug|Win32
		{36238C68-7498-4293-912A-C9CF7F49BF04}.Release|Any CPU.ActiveCfg = Release|Win32
		{36238C68-7498-4293-912A-C9CF7F49BF04}.Release|Mixed Platforms.ActiveCfg = Release|Win32
		{36238C68-7498-4293-912A-C9CF7F49BF04}.Release|Mixed Platforms.Build.0 = Release|Win32
		{36238C68-7498-4293-912A-C9CF7F49BF04}.Release|Win32.ActiveCfg = Release|Win32
		{36238C68-7498-4293-912A-C9CF7F49BF04}.Release|Win32.Build.0 = Release|Win32
		{A245D911-4100-4319-A7AA-B17AF2AA862E}.Debug|Any CPU.ActiveCfg = Debug|Win32
		{A245D911-4100-4319-A7AA-B17AF2AA862E}.Debug|Mixed Platforms.ActiveCfg = Debug|Win32
		{A245D911-4100-4319-A7AA-B17AF2AA862E}.Debug|Mixed Platforms.Build.0 = Debug|Win32
		{A245D911-4100-4319-A7AA-B17AF2AA862E}.Debug|Win32.ActiveCfg = Debug|Win32
		{A245D911-4100-4319-A7AA-B17AF2AA862E}.Debug|Win32.Build.0 = Debug|Win32
		{A245D911-4100-4319-A7AA-B17AF2AA862E}.Release|Any CPU.ActiveCfg = Release|Win32
		{A245D911-4100-4319-A7AA-B17AF2AA862E}.Release|Mixed Platforms.ActiveCfg = Release|Win32
		{A245D911-4100-4319-A7AA-B17AF2AA862E}.Release|Mixed Platforms.Build.0 = Release|Win32
		{A245D911-4100-4319-A7AA-B17AF2AA862E}.Release|Win32.ActiveCfg = Release|Win32
		{A245D911-4100-4319-A7AA-B17AF2AA862E}.Release|Win32.Build.0 = Release|Win32
		{A0CD77D6-C4A0-4519-81B4-BE2601E49296}.Debug|Any CPU.ActiveCfg = Debug|Win32
		{A0CD77D6-C4A0-4519-81B4-BE2601E49296}.Debug|Mixed Platforms.ActiveCfg = Debug|Win32
		{A0CD77D6-C4A0-4519-81B4-BE2601E49296}.Debug|Mixed Platforms.Build.0 = Debug|Win32
		{A0CD77D6-C4A0-4519-81B4-BE2601E49296}.Debug|Win32.ActiveCfg = Debug|Win32
		{A0CD77D6-C4A0-4519-81B4-BE2601E49296}.Debug|Win32.Build.0 = Debug|Win32
		{A0CD77D6-C4A0-4519-81B4-BE2601E49296}.Release|Any CPU.ActiveCfg = Release|Win32
		{A0CD77D6-C4A0-4519-81B4-BE2601E49296}.Release|Mixed Platforms.ActiveCfg = Release|Win32
		{A0CD77D6-C4A0-4519-81B4-BE2601E49296}.Release|Mixed Platforms.Build.0 = Release|Win32
		{A0CD77D6-C4A0-4519-81B4-BE2601E49296}.Release|Win32.ActiveCfg = Release|Win32
		{A0CD77D6-C4A0-4519-81B4-BE2601E49296}.Release|Win32.Build.0 = Release|Win32
		{AE27FECE-C110-4048-BF60-F396B5B371DC}.Debug|Any CPU.ActiveCfg = Debug|Win32
		{AE27FECE-C110-4048-BF60-F396B5B371DC}.Debug|Mixed Platforms.ActiveCfg = Debug|Win32
		{AE27FECE-C110-4048-BF60-F396B5B371DC}.Debug|Mixed Platforms.Build.0 = Debug|Win32
		{AE27FECE-C110-4048-BF60-F396B5B371DC}.Debug|Win32.ActiveCfg = Debug|Win32
		{AE27FECE-C110-4048-BF60-F396B5B371DC}.Debug|Win32.Build.0 = Debug|Win32
		{AE27FECE-C110-4048-BF60-F396B5B371DC}.Release|Any CPU.ActiveCfg = Release|Win32
		{AE27FECE-C110-4048-BF60-F396B5B371DC}.Release|Mixed Platforms.ActiveCfg = Release|Win32
		{AE27FECE-C110-4048-BF60-F396B5B371DC}.Release|Mixed Platforms.Build.0 = Release|Win32
		{AE27FECE-C110-4048-BF60-F396B5B371DC}.Release|Win32.ActiveCfg = Release|Win32
		{AE27FECE-C110-4048-BF60-F396B5B371DC}.Release|Win32.Build.0 = Release|Win32
		{204AE2A8-A607-4706-8B3B-EBE5AB79D783}.Debug|Any CPU.ActiveCfg = Debug|Win32
		{204AE2A8-A607-4706-8B3B-EBE5AB79D783}.Debug|Mixed Platforms.ActiveCfg = Debug|Win32
		{204AE2A8-A607-4706-8B3B-EBE5AB79D783}.Debug|Mixed Platforms.Build.0 = Debug|Win32
		{204AE2A8-A607-4706-8B3B-EBE5AB79D783}.Debug|Win32.ActiveCfg = Debug|Win32
		{204AE2A8-A607-4706-8B3B-EBE5AB79D783}.Debug|Win32.Build.0 = Debug|Win32
		{204AE2A8-A607-4706-8B3B-EBE5AB79D783}.Release|Any CPU.ActiveCfg = Release|Win32
		{204AE2A8-A607-4706-8B3B-EBE5AB79D783}.Release|Mixed Platforms.ActiveCfg = Release|Win32
		{204AE2A8-A607-4706-8B3B-EBE5AB79D783}.Release|Mixed Platforms.Build.0 = Release|Win32
		{204AE2A8-A607-4706-8B3B-EBE5AB79D783}.Release|Win32.ActiveCfg = Release|Win32
		{204AE2A8-A607-4706-8B3B-EBE5AB79D783}.Release|Win32.Build.0 = Release|Win32
		{D19AC9C2-4A55-41E4-9745-F09921993CFA}.Debug|Any CPU.ActiveCfg = Debug|Win32
		{D19AC9C2-4A55-41E4-9745-F09921993CFA}.Debug|Mixed Platforms.ActiveCfg = Debug|Win32
		{D19AC9C2-4A55-41E4-9745-F09921993CFA}.Debug|Mixed Platforms.Build.0 = Debug|Win32
		{D19AC9C2-4A55-41E4-9745-F09921993CFA}.Debug|Win32.ActiveCfg = Debug|Win32
		{D19AC9C2-4A55-41E4-9745-F09921993CFA}.Debug|Win32.Build.0 = Debug|Win32
		{D19AC9C2-4A55-41E4-9745-F09921993CFA}.Release|Any CPU.ActiveCfg = Release|Win32
		{D19AC9C2-4A55-41E4-9745-F09921993CFA}.Release|Mixed Platforms.ActiveCfg = Release|Win32
		{D19AC9C2-4A55-41E4-9745-F09921993CFA}.Release|Mixed Platforms.Build.0 = Release|Win32
		{D19AC9C2-4A55-41E4-9745-F09921993CFA}.Release|Win32.ActiveCfg = Release|Win32
		{D19AC9C2-4A55-41E4-9745-F09921993CFA}.Release|Win32.Build.0 = Release|Win32
		{1351023F-87EF-4795-8A95-C8D9B0A4921C}.Debug|Any CPU.ActiveCfg = Debug|Win32
		{1351023F-87EF-4795-8A95-C8D9B0A4921C}.Debug|Mixed Platforms.ActiveCfg = Debug|Win32
		{1351023F-87EF-4795-8A95-C8D9B0A4921C}.Debug|Mixed Platforms.Build.0 = Debug|Win32
		{1351023F-87EF-4795-8A95-C8D9B0A4921C}.Debug|Win32.ActiveCfg = Debug|Win32
		{1351023F-87EF-4795-8A95-C8D9B0A4921C}.Debug|Win32.Build.0 = Debug|Win32
		{1351023F-87EF-4795-8A95-C8D9B0A4921C}.Release|Any CPU.ActiveCfg = Release|Win32
		{1351023F-87EF-4795-8A95-C8D9B0A4921C}.Release|Mixed Platforms.ActiveCfg = Release|Win32
		{1351023F-87EF-4795-8A95-C8D9B0A4921C}.Release|Mixed Platforms.Build.0 = Release|Win32
		{1351023F-87EF-4795-8A95-C8D9B0A4921C}.Release|Win32.ActiveCfg = Release|Win32
		{1351023F-87EF-4795-8A95-C8D9B0A4921C}.Release|Win32.Build.0 = Release|Win32
		{A8E1FB1E-EB15-4D4D-B1E9-A24D7BC11073}.Debug|Any CPU.ActiveCfg = Debug|Win32
		{A8E1FB1E-EB15-4D4D-B1E9-A24D7BC11073}.Debug|Mixed Platforms.ActiveCfg = Debug|Win32
		{A8E1FB1E-EB15-4D4D-B1E9-A24D7BC11073}.Debug|Mixed Platforms.Build.0 = Debug|Win32
		{A8E1FB1E-EB15-4D4D-B1E9-A24D7BC11073}.Debug|Win32.ActiveCfg = Debug|Win32
		{A8E1FB1E-EB15-4D4D-B1E9-A24D7BC11073}.Debug|Win32.Build.0 = Debug|Win32
		{A8E1FB1E-EB15-4D4D-B1E9-A24D7BC11073}.Release|Any CPU.ActiveCfg = Release|Win32
		{A8E1FB1E-EB15-4D4D-B1E9-A24D7BC11073}.Release|Mixed Platforms.ActiveCfg = Release|Win32
		{A8E1FB1E-EB15-4D4D-B1E9-A24D7BC11073}.Release|Mixed Platforms.Build.0 = Release|Win32
		{A8E1FB1E-EB15-4D4D-B1E9-A24D7BC11073}.Release|Win32.ActiveCfg = Release|Win32
		{A8E1FB1E-EB15-4D4D-B1E9-A24D7BC11073}.Release|Win32.Build.0 = Release|Win32
		{DA1112D9-6A92-4FFE-BA2B-783059EA89C7}.Debug|Any CPU.ActiveCfg = Debug|Win32
		{DA1112D9-6A92-4FFE-BA2B-783059EA89C7}.Debug|Mixed Platforms.ActiveCfg = Debug|Win32
		{DA1112D9-6A92-4FFE-BA2B-783059EA89C7}.Debug|Mixed Platforms.Build.0 = Debug|Win32
		{DA1112D9-6A92-4FFE-BA2B-783059EA89C7}.Debug|Win32.ActiveCfg = Debug|Win32
		{DA1112D9-6A92-4FFE-BA2B-783059EA89C7}.Debug|Win32.Build.0 = Debug|Win32
		{DA1112D9-6A92-4FFE-BA2B-783059EA89C7}.Release|Any CPU.ActiveCfg = Release|Win32
		{DA1112D9-6A92-4FFE-BA2B-783059EA89C7}.Release|Mixed Platforms.ActiveCfg = Release|Win32
		{DA1112D9-6A92-4FFE-BA2B-783059EA89C7}.Release|Mixed Platforms.Build.0 = Release|Win32
		{DA1112D9-6A92-4FFE-BA2B-783059EA89C7}.Release|Win32.ActiveCfg = Release|Win32
		{DA1112D9-6A92-4FFE-BA2B-783059EA89C7}.Release|Win32.Build.0 = Release|Win32
		{D9579C70-0632-4E2D-B4DB-8B988107B178}.Debug|Any CPU.ActiveCfg = Debug|Win32
		{D9579C70-0632-4E2D-B4DB-8B988107B178}.Debug|Mixed Platforms.ActiveCfg = Debug|Win32
		{D9579C70-0632-4E2D-B4DB-8B988107B178}.Debug|Mixed Platforms.Build.0 = Debug|Win32
		{D9579C70-0632-4E2D-B4DB-8B988107B178}.Debug|Win32.ActiveCfg = Debug|Win32
		{D9579C70-0632-4E2D-B4DB-8B988107B178}.Debug|Win32.Build.0 = Debug|Win32
		{D9579C70-0632-4E2D-B4DB-8B988107B178}.Release|Any CPU.ActiveCfg = Release|Win32
		{D9579C70-0632-4E2D-B4DB-8B988107B178}.Release|Mixed Platforms.ActiveCfg = Release|Win32
		{D9579C70-0632-4E2D-B4DB-8B988107B178}.Release|Mixed Platforms.Build.0 = Release|Win32
		{D9579C70-0632-4E2D-B4DB-8B988107B178}.Release|Win32.ActiveCfg = Release|Win32
		{D9579C70-0632-4E2D-B4DB-8B988107B178}.Release|Win32.Build.0 = Release|Win32
		{9D56EE08-F8D4-4276-A1ED-534390AED152}.Debug|Any CPU.ActiveCfg = Debug|Win32
		{9D56EE08-F8D4-4276-A1ED-534390AED152}.Debug|Mixed Platforms.ActiveCfg = Debug|Win32
		{9D56EE08-F8D4-4276-A1ED-534390AED152}.Debug|Mixed Platforms.Build.0 = Debug|Win32
		{9D56EE08-F8D4-4276-A1ED-534390AED152}.Debug|Win32.ActiveCfg = Debug|Win32
		{9D56EE08-F8D4-4276-A1ED-534390AED152}.Debug|Win32.Build.0 = Debug|Win32
		{9D56EE08-F8D4-4276-A1ED-534390AED152}.Release|Any CPU.ActiveCfg = Release|Win32
		{9D56EE08-F8D4-4276-A1ED-534390AED152}.Release|Mixed Platforms.ActiveCfg = Release|Win32
		{9D56EE08-F8D4-4276-A1ED-534390AED152}.Release|Mixed Platforms.Build.0 = Release|Win32
		{9D56EE08-F8D4-4276-A1ED-534390AED152}.Release|Win32.ActiveCfg = Release|Win32
		{9D56EE08-F8D4-4276-A1ED-534390AED152}.Release|Win32.Build.0 = Release|Win32
	EndGlobalSection
	GlobalSection(SolutionProperties) = preSolution
		HideSolutionNode = FALSE
	EndGlobalSection
	GlobalSection(NestedProjects) = preSolution
		{9D56EE08-F8D4-4276-A1ED-534390AED152} = {846346BB-ED52-41D6-816A-DCCF320762EA}
	EndGlobalSection
EndGlobal
